
Microsoft Visual Studio Solution File, Format Version 12.00
# Visual Studio Version 16
VisualStudioVersion = 16.0.29411.108
MinimumVisualStudioVersion = 10.0.40219.1
Project("{FAE04EC0-301F-11D3-BF4B-00C04F79EFBC}") = "Chicken", "Chicken\Chicken.csproj", "{F1C6B285-47B4-4967-8761-A02ADFE56048}"
EndProject
Global
	GlobalSection(SolutionConfigurationPlatforms) = preSolution
		Debug|Any CPU = Debug|Any CPU
		Release|Any CPU = Release|Any CPU
	EndGlobalSection
	GlobalSection(ProjectConfigurationPlatforms) = postSolution
		{F1C6B285-47B4-4967-8761-A02ADFE56048}.Debug|Any CPU.ActiveCfg = Debug|Any CPU
		{F1C6B285-47B4-4967-8761-A02ADFE56048}.Debug|Any CPU.Build.0 = Debug|Any CPU
		{F1C6B285-47B4-4967-8761-A02ADFE56048}.Release|Any CPU.ActiveCfg = Release|Any CPU
		{F1C6B285-47B4-4967-8761-A02ADFE56048}.Release|Any CPU.Build.0 = Release|Any CPU
	EndGlobalSection
	GlobalSection(SolutionProperties) = preSolution
		HideSolutionNode = FALSE
	EndGlobalSection
	GlobalSection(ExtensibilityGlobals) = postSolution
		SolutionGuid = {EBC9BC69-EE3A-4AC4-A89D-A0777DDE63B7}
	EndGlobalSection
EndGlobal
